
Microsoft Visual Studio Solution File, Format Version 12.00
# Visual Studio 15
VisualStudioVersion = 15.0.28307.1082
MinimumVisualStudioVersion = 10.0.40219.1
Project("{FAE04EC0-301F-11D3-BF4B-00C04F79EFBC}") = "ReadSpreadsheet.UI", "ReadSpreadsheet\ReadSpreadsheet.UI.csproj", "{0D62DF34-42C2-4AD5-BD5A-77A7F1F3B3A7}"
EndProject
Project("{FAE04EC0-301F-11D3-BF4B-00C04F79EFBC}") = "ReadSpreadsheet.Domain", "ReadSpreadsheet.Domain\ReadSpreadsheet.Domain.csproj", "{0CAD67EB-FEC4-4203-AF1A-6D46199EFA58}"
EndProject
Project("{FAE04EC0-301F-11D3-BF4B-00C04F79EFBC}") = "ReadSpreadsheet.App", "ReadSpreadsheet.App\ReadSpreadsheet.App.csproj", "{67532701-E3E7-423A-96CB-83CECF9AD771}"
EndProject
Project("{FAE04EC0-301F-11D3-BF4B-00C04F79EFBC}") = "ReadSpreadsheet.InjectDep", "ReadSpreadsheet.InjectDep\ReadSpreadsheet.InjectDep.csproj", "{752A701C-41C6-43DE-885F-DA5517BD995D}"
EndProject
Project("{9A19103F-16F7-4668-BE54-9A1E7A4F7556}") = "LoadMoviesAPI", "LoadMoviesAPI\LoadMoviesAPI.csproj", "{E15479D8-023B-4DC9-9074-7AB876BB4145}"
EndProject
Project("{FAE04EC0-301F-11D3-BF4B-00C04F79EFBC}") = "ReadSpreadsheetTest", "ReadSpreadsheetTest\ReadSpreadsheetTest.csproj", "{16320B1D-7ED4-4083-9490-527C2EC5B977}"
EndProject
Global
	GlobalSection(SolutionConfigurationPlatforms) = preSolution
		Debug|Any CPU = Debug|Any CPU
		Debug|ARM = Debug|ARM
		Debug|ARM64 = Debug|ARM64
		Debug|x64 = Debug|x64
		Debug|x86 = Debug|x86
		Release|Any CPU = Release|Any CPU
		Release|ARM = Release|ARM
		Release|ARM64 = Release|ARM64
		Release|x64 = Release|x64
		Release|x86 = Release|x86
	EndGlobalSection
	GlobalSection(ProjectConfigurationPlatforms) = postSolution
		{0D62DF34-42C2-4AD5-BD5A-77A7F1F3B3A7}.Debug|Any CPU.ActiveCfg = Debug|Any CPU
		{0D62DF34-42C2-4AD5-BD5A-77A7F1F3B3A7}.Debug|Any CPU.Build.0 = Debug|Any CPU
		{0D62DF34-42C2-4AD5-BD5A-77A7F1F3B3A7}.Debug|ARM.ActiveCfg = Debug|Any CPU
		{0D62DF34-42C2-4AD5-BD5A-77A7F1F3B3A7}.Debug|ARM.Build.0 = Debug|Any CPU
		{0D62DF34-42C2-4AD5-BD5A-77A7F1F3B3A7}.Debug|ARM64.ActiveCfg = Debug|Any CPU
		{0D62DF34-42C2-4AD5-BD5A-77A7F1F3B3A7}.Debug|ARM64.Build.0 = Debug|Any CPU
		{0D62DF34-42C2-4AD5-BD5A-77A7F1F3B3A7}.Debug|x64.ActiveCfg = Debug|Any CPU
		{0D62DF34-42C2-4AD5-BD5A-77A7F1F3B3A7}.Debug|x64.Build.0 = Debug|Any CPU
		{0D62DF34-42C2-4AD5-BD5A-77A7F1F3B3A7}.Debug|x86.ActiveCfg = Debug|Any CPU
		{0D62DF34-42C2-4AD5-BD5A-77A7F1F3B3A7}.Debug|x86.Build.0 = Debug|Any CPU
		{0D62DF34-42C2-4AD5-BD5A-77A7F1F3B3A7}.Release|Any CPU.ActiveCfg = Release|Any CPU
		{0D62DF34-42C2-4AD5-BD5A-77A7F1F3B3A7}.Release|Any CPU.Build.0 = Release|Any CPU
		{0D62DF34-42C2-4AD5-BD5A-77A7F1F3B3A7}.Release|ARM.ActiveCfg = Release|Any CPU
		{0D62DF34-42C2-4AD5-BD5A-77A7F1F3B3A7}.Release|ARM.Build.0 = Release|Any CPU
		{0D62DF34-42C2-4AD5-BD5A-77A7F1F3B3A7}.Release|ARM64.ActiveCfg = Release|Any CPU
		{0D62DF34-42C2-4AD5-BD5A-77A7F1F3B3A7}.Release|ARM64.Build.0 = Release|Any CPU
		{0D62DF34-42C2-4AD5-BD5A-77A7F1F3B3A7}.Release|x64.ActiveCfg = Release|Any CPU
		{0D62DF34-42C2-4AD5-BD5A-77A7F1F3B3A7}.Release|x64.Build.0 = Release|Any CPU
		{0D62DF34-42C2-4AD5-BD5A-77A7F1F3B3A7}.Release|x86.ActiveCfg = Release|Any CPU
		{0D62DF34-42C2-4AD5-BD5A-77A7F1F3B3A7}.Release|x86.Build.0 = Release|Any CPU
		{0CAD67EB-FEC4-4203-AF1A-6D46199EFA58}.Debug|Any CPU.ActiveCfg = Debug|Any CPU
		{0CAD67EB-FEC4-4203-AF1A-6D46199EFA58}.Debug|Any CPU.Build.0 = Debug|Any CPU
		{0CAD67EB-FEC4-4203-AF1A-6D46199EFA58}.Debug|ARM.ActiveCfg = Debug|Any CPU
		{0CAD67EB-FEC4-4203-AF1A-6D46199EFA58}.Debug|ARM.Build.0 = Debug|Any CPU
		{0CAD67EB-FEC4-4203-AF1A-6D46199EFA58}.Debug|ARM64.ActiveCfg = Debug|Any CPU
		{0CAD67EB-FEC4-4203-AF1A-6D46199EFA58}.Debug|ARM64.Build.0 = Debug|Any CPU
		{0CAD67EB-FEC4-4203-AF1A-6D46199EFA58}.Debug|x64.ActiveCfg = Debug|Any CPU
		{0CAD67EB-FEC4-4203-AF1A-6D46199EFA58}.Debug|x64.Build.0 = Debug|Any CPU
		{0CAD67EB-FEC4-4203-AF1A-6D46199EFA58}.Debug|x86.ActiveCfg = Debug|Any CPU
		{0CAD67EB-FEC4-4203-AF1A-6D46199EFA58}.Debug|x86.Build.0 = Debug|Any CPU
		{0CAD67EB-FEC4-4203-AF1A-6D46199EFA58}.Release|Any CPU.ActiveCfg = Release|Any CPU
		{0CAD67EB-FEC4-4203-AF1A-6D46199EFA58}.Release|Any CPU.Build.0 = Release|Any CPU
		{0CAD67EB-FEC4-4203-AF1A-6D46199EFA58}.Release|ARM.ActiveCfg = Release|Any CPU
		{0CAD67EB-FEC4-4203-AF1A-6D46199EFA58}.Release|ARM.Build.0 = Release|Any CPU
		{0CAD67EB-FEC4-4203-AF1A-6D46199EFA58}.Release|ARM64.ActiveCfg = Release|Any CPU
		{0CAD67EB-FEC4-4203-AF1A-6D46199EFA58}.Release|ARM64.Build.0 = Release|Any CPU
		{0CAD67EB-FEC4-4203-AF1A-6D46199EFA58}.Release|x64.ActiveCfg = Release|Any CPU
		{0CAD67EB-FEC4-4203-AF1A-6D46199EFA58}.Release|x64.Build.0 = Release|Any CPU
		{0CAD67EB-FEC4-4203-AF1A-6D46199EFA58}.Release|x86.ActiveCfg = Release|Any CPU
		{0CAD67EB-FEC4-4203-AF1A-6D46199EFA58}.Release|x86.Build.0 = Release|Any CPU
		{67532701-E3E7-423A-96CB-83CECF9AD771}.Debug|Any CPU.ActiveCfg = Debug|Any CPU
		{67532701-E3E7-423A-96CB-83CECF9AD771}.Debug|Any CPU.Build.0 = Debug|Any CPU
		{67532701-E3E7-423A-96CB-83CECF9AD771}.Debug|ARM.ActiveCfg = Debug|Any CPU
		{67532701-E3E7-423A-96CB-83CECF9AD771}.Debug|ARM.Build.0 = Debug|Any CPU
		{67532701-E3E7-423A-96CB-83CECF9AD771}.Debug|ARM64.ActiveCfg = Debug|Any CPU
		{67532701-E3E7-423A-96CB-83CECF9AD771}.Debug|ARM64.Build.0 = Debug|Any CPU
		{67532701-E3E7-423A-96CB-83CECF9AD771}.Debug|x64.ActiveCfg = Debug|Any CPU
		{67532701-E3E7-423A-96CB-83CECF9AD771}.Debug|x64.Build.0 = Debug|Any CPU
		{67532701-E3E7-423A-96CB-83CECF9AD771}.Debug|x86.ActiveCfg = Debug|Any CPU
		{67532701-E3E7-423A-96CB-83CECF9AD771}.Debug|x86.Build.0 = Debug|Any CPU
		{67532701-E3E7-423A-96CB-83CECF9AD771}.Release|Any CPU.ActiveCfg = Release|Any CPU
		{67532701-E3E7-423A-96CB-83CECF9AD771}.Release|Any CPU.Build.0 = Release|Any CPU
		{67532701-E3E7-423A-96CB-83CECF9AD771}.Release|ARM.ActiveCfg = Release|Any CPU
		{67532701-E3E7-423A-96CB-83CECF9AD771}.Release|ARM.Build.0 = Release|Any CPU
		{67532701-E3E7-423A-96CB-83CECF9AD771}.Release|ARM64.ActiveCfg = Release|Any CPU
		{67532701-E3E7-423A-96CB-83CECF9AD771}.Release|ARM64.Build.0 = Release|Any CPU
		{67532701-E3E7-423A-96CB-83CECF9AD771}.Release|x64.ActiveCfg = Release|Any CPU
		{67532701-E3E7-423A-96CB-83CECF9AD771}.Release|x64.Build.0 = Release|Any CPU
		{67532701-E3E7-423A-96CB-83CECF9AD771}.Release|x86.ActiveCfg = Release|Any CPU
		{67532701-E3E7-423A-96CB-83CECF9AD771}.Release|x86.Build.0 = Release|Any CPU
		{752A701C-41C6-43DE-885F-DA5517BD995D}.Debug|Any CPU.ActiveCfg = Debug|Any CPU
		{752A701C-41C6-43DE-885F-DA5517BD995D}.Debug|Any CPU.Build.0 = Debug|Any CPU
		{752A701C-41C6-43DE-885F-DA5517BD995D}.Debug|ARM.ActiveCfg = Debug|Any CPU
		{752A701C-41C6-43DE-885F-DA5517BD995D}.Debug|ARM.Build.0 = Debug|Any CPU
		{752A701C-41C6-43DE-885F-DA5517BD995D}.Debug|ARM64.ActiveCfg = Debug|Any CPU
		{752A701C-41C6-43DE-885F-DA5517BD995D}.Debug|ARM64.Build.0 = Debug|Any CPU
		{752A701C-41C6-43DE-885F-DA5517BD995D}.Debug|x64.ActiveCfg = Debug|Any CPU
		{752A701C-41C6-43DE-885F-DA5517BD995D}.Debug|x64.Build.0 = Debug|Any CPU
		{752A701C-41C6-43DE-885F-DA5517BD995D}.Debug|x86.ActiveCfg = Debug|Any CPU
		{752A701C-41C6-43DE-885F-DA5517BD995D}.Debug|x86.Build.0 = Debug|Any CPU
		{752A701C-41C6-43DE-885F-DA5517BD995D}.Release|Any CPU.ActiveCfg = Release|Any CPU
		{752A701C-41C6-43DE-885F-DA5517BD995D}.Release|Any CPU.Build.0 = Release|Any CPU
		{752A701C-41C6-43DE-885F-DA5517BD995D}.Release|ARM.ActiveCfg = Release|Any CPU
		{752A701C-41C6-43DE-885F-DA5517BD995D}.Release|ARM.Build.0 = Release|Any CPU
		{752A701C-41C6-43DE-885F-DA5517BD995D}.Release|ARM64.ActiveCfg = Release|Any CPU
		{752A701C-41C6-43DE-885F-DA5517BD995D}.Release|ARM64.Build.0 = Release|Any CPU
		{752A701C-41C6-43DE-885F-DA5517BD995D}.Release|x64.ActiveCfg = Release|Any CPU
		{752A701C-41C6-43DE-885F-DA5517BD995D}.Release|x64.Build.0 = Release|Any CPU
		{752A701C-41C6-43DE-885F-DA5517BD995D}.Release|x86.ActiveCfg = Release|Any CPU
		{752A701C-41C6-43DE-885F-DA5517BD995D}.Release|x86.Build.0 = Release|Any CPU
		{E15479D8-023B-4DC9-9074-7AB876BB4145}.Debug|Any CPU.ActiveCfg = Debug|Any CPU
		{E15479D8-023B-4DC9-9074-7AB876BB4145}.Debug|Any CPU.Build.0 = Debug|Any CPU
		{E15479D8-023B-4DC9-9074-7AB876BB4145}.Debug|ARM.ActiveCfg = Debug|Any CPU
		{E15479D8-023B-4DC9-9074-7AB876BB4145}.Debug|ARM.Build.0 = Debug|Any CPU
		{E15479D8-023B-4DC9-9074-7AB876BB4145}.Debug|ARM64.ActiveCfg = Debug|Any CPU
		{E15479D8-023B-4DC9-9074-7AB876BB4145}.Debug|ARM64.Build.0 = Debug|Any CPU
		{E15479D8-023B-4DC9-9074-7AB876BB4145}.Debug|x64.ActiveCfg = Debug|Any CPU
		{E15479D8-023B-4DC9-9074-7AB876BB4145}.Debug|x64.Build.0 = Debug|Any CPU
		{E15479D8-023B-4DC9-9074-7AB876BB4145}.Debug|x86.ActiveCfg = Debug|Any CPU
		{E15479D8-023B-4DC9-9074-7AB876BB4145}.Debug|x86.Build.0 = Debug|Any CPU
		{E15479D8-023B-4DC9-9074-7AB876BB4145}.Release|Any CPU.ActiveCfg = Release|Any CPU
		{E15479D8-023B-4DC9-9074-7AB876BB4145}.Release|Any CPU.Build.0 = Release|Any CPU
		{E15479D8-023B-4DC9-9074-7AB876BB4145}.Release|ARM.ActiveCfg = Release|Any CPU
		{E15479D8-023B-4DC9-9074-7AB876BB4145}.Release|ARM.Build.0 = Release|Any CPU
		{E15479D8-023B-4DC9-9074-7AB876BB4145}.Release|ARM64.ActiveCfg = Release|Any CPU
		{E15479D8-023B-4DC9-9074-7AB876BB4145}.Release|ARM64.Build.0 = Release|Any CPU
		{E15479D8-023B-4DC9-9074-7AB876BB4145}.Release|x64.ActiveCfg = Release|Any CPU
		{E15479D8-023B-4DC9-9074-7AB876BB4145}.Release|x64.Build.0 = Release|Any CPU
		{E15479D8-023B-4DC9-9074-7AB876BB4145}.Release|x86.ActiveCfg = Release|Any CPU
		{E15479D8-023B-4DC9-9074-7AB876BB4145}.Release|x86.Build.0 = Release|Any CPU
		{16320B1D-7ED4-4083-9490-527C2EC5B977}.Debug|Any CPU.ActiveCfg = Debug|Any CPU
		{16320B1D-7ED4-4083-9490-527C2EC5B977}.Debug|Any CPU.Build.0 = Debug|Any CPU
		{16320B1D-7ED4-4083-9490-527C2EC5B977}.Debug|ARM.ActiveCfg = Debug|Any CPU
		{16320B1D-7ED4-4083-9490-527C2EC5B977}.Debug|ARM.Build.0 = Debug|Any CPU
		{16320B1D-7ED4-4083-9490-527C2EC5B977}.Debug|ARM64.ActiveCfg = Debug|Any CPU
		{16320B1D-7ED4-4083-9490-527C2EC5B977}.Debug|ARM64.Build.0 = Debug|Any CPU
		{16320B1D-7ED4-4083-9490-527C2EC5B977}.Debug|x64.ActiveCfg = Debug|Any CPU
		{16320B1D-7ED4-4083-9490-527C2EC5B977}.Debug|x64.Build.0 = Debug|Any CPU
		{16320B1D-7ED4-4083-9490-527C2EC5B977}.Debug|x86.ActiveCfg = Debug|Any CPU
		{16320B1D-7ED4-4083-9490-527C2EC5B977}.Debug|x86.Build.0 = Debug|Any CPU
		{16320B1D-7ED4-4083-9490-527C2EC5B977}.Release|Any CPU.ActiveCfg = Release|Any CPU
		{16320B1D-7ED4-4083-9490-527C2EC5B977}.Release|Any CPU.Build.0 = Release|Any CPU
		{16320B1D-7ED4-4083-9490-527C2EC5B977}.Release|ARM.ActiveCfg = Release|Any CPU
		{16320B1D-7ED4-4083-9490-527C2EC5B977}.Release|ARM.Build.0 = Release|Any CPU
		{16320B1D-7ED4-4083-9490-527C2EC5B977}.Release|ARM64.ActiveCfg = Release|Any CPU
		{16320B1D-7ED4-4083-9490-527C2EC5B977}.Release|ARM64.Build.0 = Release|Any CPU
		{16320B1D-7ED4-4083-9490-527C2EC5B977}.Release|x64.ActiveCfg = Release|Any CPU
		{16320B1D-7ED4-4083-9490-527C2EC5B977}.Release|x64.Build.0 = Release|Any CPU
		{16320B1D-7ED4-4083-9490-527C2EC5B977}.Release|x86.ActiveCfg = Release|Any CPU
		{16320B1D-7ED4-4083-9490-527C2EC5B977}.Release|x86.Build.0 = Release|Any CPU
	EndGlobalSection
	GlobalSection(SolutionProperties) = preSolution
		HideSolutionNode = FALSE
	EndGlobalSection
	GlobalSection(ExtensibilityGlobals) = postSolution
		SolutionGuid = {78A0E043-3FD2-4C95-94AA-C39B215F9E85}
	EndGlobalSection
EndGlobal
